PODS:
  - KeychainSwift (12.0.0)
  - OHHTTPStubs/Core (8.0.0)
  - OHHTTPStubs/Default (8.0.0):
    - OHHTTPStubs/Core
    - OHHTTPStubs/JSON
    - OHHTTPStubs/NSURLSession
    - OHHTTPStubs/OHPathHelpers
  - OHHTTPStubs/JSON (8.0.0):
    - OHHTTPStubs/Core
  - OHHTTPStubs/NSURLSession (8.0.0):
    - OHHTTPStubs/Core
  - OHHTTPStubs/OHPathHelpers (8.0.0)
  - OHHTTPStubs/Swift (8.0.0):
    - OHHTTPStubs/Default
  - ReachabilitySwift (5.0.0)
  - SwiftLint (0.39.1)

DEPENDENCIES:
  - KeychainSwift (= 12.0.0)
  - OHHTTPStubs/Swift (= 8.0.0)
  - ReachabilitySwift (= 5.0.0)
  - SwiftLint

SPEC REPOS:
  trunk:
    - KeychainSwift
    - OHHTTPStubs
    - ReachabilitySwift
    - SwiftLint

SPEC CHECKSUMS:
  KeychainSwift: d5e776578587ee5958ce36601df22f168f65138a
  OHHTTPStubs: 9cbce6364bec557cc3439aa6bb7514670d780881
  ReachabilitySwift: 985039c6f7b23a1da463388634119492ff86c825
  SwiftLint: 55e96a4a4d537d4a3156859fc1c54bd24851a046

PODFILE CHECKSUM: 347317e030faba7d076fadb56afec484d3618f62

COCOAPODS: 1.9.1
