{
  "pins" : [
    {
      "identity" : "keychain-swift",
      "kind" : "remoteSourceControl",
      "location" : "https://github.com/evgenyneu/keychain-swift.git",
      "state" : {
        "revision" : "96fb84f45a96630e7583903bd7e08cf095c7a7ef",
        "version" : "19.0.0"
      }
    },
    {
      "identity" : "ohhttpstubs",
      "kind" : "remoteSourceControl",
      "location" : "https://github.com/AliSoftware/OHHTTPStubs",
      "state" : {
        "revision" : "e92b5a5746ef16add2a1424f1fc19529d9a75cde",
        "version" : "9.0.0"
      }
    },
    {
      "identity" : "reachability.swift",
      "kind" : "remoteSourceControl",
      "location" : "https://github.com/ashleymills/Reachability.swift",
      "state" : {
        "revision" : "98e968e7b6c1318fb61df23e347bc319761e8acb",
        "version" : "5.0.0"
      }
    }
  ],
  "version" : 2
}
