{
  "pins" : [
    {
      "identity" : "keychain-swift",
      "kind" : "remoteSourceControl",
      "location" : "https://github.com/dianakarh/keychain-swift",
      "state" : {
        "revision" : "6a14164ea5730776ae71f6d4d17bebcc6df743c7",
        "version" : "1.0.0"
      }
    },
    {
      "identity" : "ohhttpstubs",
      "kind" : "remoteSourceControl",
      "location" : "https://github.com/AliSoftware/OHHTTPStubs",
      "state" : {
        "revision" : "12f19662426d0434d6c330c6974d53e2eb10ecd9",
        "version" : "9.1.0"
      }
    },
    {
      "identity" : "reachability.swift",
      "kind" : "remoteSourceControl",
      "location" : "https://github.com/dianakarh/Reachability.swift",
      "state" : {
        "revision" : "c21596a13edbaa1ac40fd43f265d3b5b3fe7c524",
        "version" : "1.0.0"
      }
    }
  ],
  "version" : 2
}
